
Microsoft Visual Studio Solution File, Format Version 12.00
# Visual Studio Version 17
VisualStudioVersion = 17.13.35825.156 d17.13
MinimumVisualStudioVersion = 10.0.40219.1
Project("{FAE04EC0-301F-11D3-BF4B-00C04F79EFBC}") = "Odev3", "Odev3\Odev3.csproj", "{89805C32-D5FA-448A-8AF0-D5758211FF4C}"
EndProject
Global
	GlobalSection(SolutionConfigurationPlatforms) = preSolution
		Debug|Any CPU = Debug|Any CPU
		Release|Any CPU = Release|Any CPU
	EndGlobalSection
	GlobalSection(ProjectConfigurationPlatforms) = postSolution
		{89805C32-D5FA-448A-8AF0-D5758211FF4C}.Debug|Any CPU.ActiveCfg = Debug|Any CPU
		{89805C32-D5FA-448A-8AF0-D5758211FF4C}.Debug|Any CPU.Build.0 = Debug|Any CPU
		{89805C32-D5FA-448A-8AF0-D5758211FF4C}.Release|Any CPU.ActiveCfg = Release|Any CPU
		{89805C32-D5FA-448A-8AF0-D5758211FF4C}.Release|Any CPU.Build.0 = Release|Any CPU
	EndGlobalSection
	GlobalSection(SolutionProperties) = preSolution
		HideSolutionNode = FALSE
	EndGlobalSection
	GlobalSection(ExtensibilityGlobals) = postSolution
		SolutionGuid = {E78F26A2-66B2-44E3-A8BA-73BDA4EA4D63}
	EndGlobalSection
EndGlobal
